{
  "name": "frempower",
  "version": "0.1.0",
  "lockfileVersion": 3,
  "requires": true,
  "packages": {
    "": {
      "name": "frempower",
      "version": "0.1.0",
      "workspaces": [
        "client",
        "server"
      ]
    },
    "client": {
      "name": "@frempower/client",
      "version": "0.1.0"
    },
    "node_modules/@frempower/client": {
      "resolved": "client",
      "link": true
    },
    "node_modules/@frempower/server": {
      "resolved": "server",
      "link": true
    },
    "server": {
      "name": "@frempower/server",
      "version": "0.1.0"
    }
  }
}
